
Microsoft Visual Studio Solution File, Format Version 10.00
# Visual C++ Express 2008
Project("{8BC9CEB8-8B4A-11D0-8D11-00A0C91BC942}") = "Biblioteca5", "Biblioteca5\Biblioteca5.vcproj", "{1F15AE1B-8948-4201-9EFF-B0ECB469D451}"
EndProject
Global
	GlobalSection(SolutionConfigurationPlatforms) = preSolution
		Debug|Win32 = Debug|Win32
		Release|Win32 = Release|Win32
	EndGlobalSection
	GlobalSection(ProjectConfigurationPlatforms) = postSolution
		{1F15AE1B-8948-4201-9EFF-B0ECB469D451}.Debug|Win32.ActiveCfg = Debug|Win32
		{1F15AE1B-8948-4201-9EFF-B0ECB469D451}.Debug|Win32.Build.0 = Debug|Win32
		{1F15AE1B-8948-4201-9EFF-B0ECB469D451}.Release|Win32.ActiveCfg = Release|Win32
		{1F15AE1B-8948-4201-9EFF-B0ECB469D451}.Release|Win32.Build.0 = Release|Win32
	EndGlobalSection
	GlobalSection(SolutionProperties) = preSolution
		HideSolutionNode = FALSE
	EndGlobalSection
EndGlobal
